
Microsoft Visual Studio Solution File, Format Version 12.00
# Visual Studio Version 16
VisualStudioVersion = 16.0.29020.237
MinimumVisualStudioVersion = 10.0.40219.1
Project("{FAE04EC0-301F-11D3-BF4B-00C04F79EFBC}") = "OpenFishPort", "OpenFishPort\OpenFishPort.csproj", "{040DED41-0D3B-4B5E-A49D-41278F1D4BA9}"
EndProject
Global
	GlobalSection(SolutionConfigurationPlatforms) = preSolution
		Debug|Any CPU = Debug|Any CPU
		Release|Any CPU = Release|Any CPU
	EndGlobalSection
	GlobalSection(ProjectConfigurationPlatforms) = postSolution
		{040DED41-0D3B-4B5E-A49D-41278F1D4BA9}.Debug|Any CPU.ActiveCfg = Debug|Any CPU
		{040DED41-0D3B-4B5E-A49D-41278F1D4BA9}.Debug|Any CPU.Build.0 = Debug|Any CPU
		{040DED41-0D3B-4B5E-A49D-41278F1D4BA9}.Release|Any CPU.ActiveCfg = Release|Any CPU
		{040DED41-0D3B-4B5E-A49D-41278F1D4BA9}.Release|Any CPU.Build.0 = Release|Any CPU
	EndGlobalSection
	GlobalSection(SolutionProperties) = preSolution
		HideSolutionNode = FALSE
	EndGlobalSection
	GlobalSection(ExtensibilityGlobals) = postSolution
		SolutionGuid = {2BEBF93F-6A91-4448-BECA-88D3BD6C3D1B}
	EndGlobalSection
EndGlobal
